// !$*UTF8*$!
{
	archiveVersion = 1;
	classes = {
	};
	objectVersion = 46;
	objects = {

/* Begin PBXBuildFile section */
		18EC47051DC62BC900981D92 /* AppDelegate.swift in Sources */ = {isa = PBXBuildFile; fileRef = 18EC47041DC62BC900981D92 /* AppDelegate.swift */; };
		18EC47071DC62BC900981D92 /* ViewController.swift in Sources */ = {isa = PBXBuildFile; fileRef = 18EC47061DC62BC900981D92 /* ViewController.swift */; };
		18EC470A1DC62BC900981D92 /* Main.storyboard in Resources */ = {isa = PBXBuildFile; fileRef = 18EC47081DC62BC900981D92 /* Main.storyboard */; };
		18EC470C1DC62BCA00981D92 /* Assets.xcassets in Resources */ = {isa = PBXBuildFile; fileRef = 18EC470B1DC62BCA00981D92 /* Assets.xcassets */; };
		18EC470F1DC62BCA00981D92 /* LaunchScreen.storyboard in Resources */ = {isa = PBXBuildFile; fileRef = 18EC470D1DC62BCA00981D92 /* LaunchScreen.storyboard */; };
		18EC471A1DC62BCA00981D92 /* RxSwiftExampleTests.swift in Sources */ = {isa = PBXBuildFile; fileRef = 18EC47191DC62BCA00981D92 /* RxSwiftExampleTests.swift */; };
/* End PBXBuildFile section */

/* Begin PBXContainerItemProxy section */
		18EC47161DC62BCA00981D92 /* PBXContainerItemProxy */ = {
			isa = PBXContainerItemProxy;
			containerPortal = 18EC46F91DC62BC900981D92 /* Project object */;
			proxyType = 1;
			remoteGlobalIDString = 18EC47001DC62BC900981D92;
			remoteInfo = RxSwiftExample;
		};
/* End PBXContainerItemProxy section */

/* Begin PBXFileReference section */
		18EC47011DC62BC900981D92 /* RxSwiftExample.app */ = {isa = PBXFileReference; explicitFileType = wrapper.application; includeInIndex = 0; path = RxSwiftExample.app; sourceTree = BUILT_PRODUCTS_DIR; };
		18EC47041DC62BC900981D92 /* AppDelegate.swift */ = {isa = PBXFileReference; lastKnownFileType = sourcecode.swift; path = AppDelegate.swift; sourceTree = "<group>"; };
		18EC47061DC62BC900981D92 /* ViewController.swift */ = {isa = PBXFileReference; lastKnownFileType = sourcecode.swift; path = ViewController.swift; sourceTree = "<group>"; };
		18EC47091DC62BC900981D92 /* Base */ = {isa = PBXFileReference; lastKnownFileType = file.storyboard; name = Base; path = Base.lproj/Main.storyboard; sourceTree = "<group>"; };
		18EC470B1DC62BCA00981D92 /* Assets.xcassets */ = {isa = PBXFileReference; lastKnownFileType = folder.assetcatalog; path = Assets.xcassets; sourceTree = "<group>"; };
		18EC470E1DC62BCA00981D92 /* Base */ = {isa = PBXFileReference; lastKnownFileType = file.storyboard; name = Base; path = Base.lproj/LaunchScreen.storyboard; sourceTree = "<group>"; };
		18EC47101DC62BCA00981D92 /* Info.plist */ = {isa = PBXFileReference; lastKnownFileType = text.plist.xml; path = Info.plist; sourceTree = "<group>"; };
		18EC47151DC62BCA00981D92 /* RxSwiftExampleTests.xctest */ = {isa = PBXFileReference; explicitFileType = wrapper.cfbundle; includeInIndex = 0; path = RxSwiftExampleTests.xctest; sourceTree = BUILT_PRODUCTS_DIR; };
		18EC47191DC62BCA00981D92 /* RxSwiftExampleTests.swift */ = {isa = PBXFileReference; lastKnownFileType = sourcecode.swift; path = RxSwiftExampleTests.swift; sourceTree = "<group>"; };
		18EC471B1DC62BCA00981D92 /* Info.plist */ = {isa = PBXFileReference; lastKnownFileType = text.plist.xml; path = Info.plist; sourceTree = "<group>"; };
/* End PBXFileReference section */

/* Begin PBXFrameworksBuildPhase section */
		18EC46FE1DC62BC900981D92 /* Frameworks */ = {
			isa = PBXFrameworksBuildPhase;
			buildActionMask = 2147483647;
			files = (
			);
			runOnlyForDeploymentPostprocessing = 0;
		};
		18EC47121DC62BCA00981D92 /* Frameworks */ = {
			isa = PBXFrameworksBuildPhase;
			buildActionMask = 2147483647;
			files = (
			);
			runOnlyForDeploymentPostprocessing = 0;
		};
/* End PBXFrameworksBuildPhase section */

/* Begin PBXGroup section */
		18EC46F81DC62BC900981D92 = {
			isa = PBXGroup;
			children = (
				18EC47031DC62BC900981D92 /* RxSwiftExample */,
				18EC47181DC62BCA00981D92 /* RxSwiftExampleTests */,
				18EC47021DC62BC900981D92 /* Products */,
			);
			sourceTree = "<group>";
		};
		18EC47021DC62BC900981D92 /* Products */ = {
			isa = PBXGroup;
			children = (
				18EC47011DC62BC900981D92 /* RxSwiftExample.app */,
				18EC47151DC62BCA00981D92 /* RxSwiftExampleTests.xctest */,
			);
			name = Products;
			sourceTree = "<group>";
		};
		18EC47031DC62BC900981D92 /* RxSwiftExample */ = {
			isa = PBXGroup;
			children = (
				18EC47041DC62BC900981D92 /* AppDelegate.swift */,
				18EC47061DC62BC900981D92 /* ViewController.swift */,
				18EC47081DC62BC900981D92 /* Main.storyboard */,
				18EC470B1DC62BCA00981D92 /* Assets.xcassets */,
				18EC470D1DC62BCA00981D92 /* LaunchScreen.storyboard */,
				18EC47101DC62BCA00981D92 /* Info.plist */,
			);
			path = RxSwiftExample;
			sourceTree = "<group>";
		};
		18EC47181DC62BCA00981D92 /* RxSwiftExampleTests */ = {
			isa = PBXGroup;
			children = (
				18EC47191DC62BCA00981D92 /* RxSwiftExampleTests.swift */,
				18EC471B1DC62BCA00981D92 /* Info.plist */,
			);
			path = RxSwiftExampleTests;
			sourceTree = "<group>";
		};
/* End PBXGroup section */

/* Begin PBXNativeTarget section */
		18EC47001DC62BC900981D92 /* RxSwiftExample */ = {
			isa = PBXNativeTarget;
			buildConfigurationList = 18EC471E1DC62BCA00981D92 /* Build configuration list for PBXNativeTarget "RxSwiftExample" */;
			buildPhases = (
				18EC46FD1DC62BC900981D92 /* Sources */,
				18EC46FE1DC62BC900981D92 /* Frameworks */,
				18EC46FF1DC62BC900981D92 /* Resources */,
			);
			buildRules = (
			);
			dependencies = (
			);
			name = RxSwiftExample;
			productName = RxSwiftExample;
			productReference = 18EC47011DC62BC900981D92 /* RxSwiftExample.app */;
			productType = "com.apple.product-type.application";
		};
		18EC47141DC62BCA00981D92 /* RxSwiftExampleTests */ = {
			isa = PBXNativeTarget;
			buildConfigurationList = 18EC47211DC62BCA00981D92 /* Build configuration list for PBXNativeTarget "RxSwiftExampleTests" */;
			buildPhases = (
				18EC47111DC62BCA00981D92 /* Sources */,
				18EC47121DC62BCA00981D92 /* Frameworks */,
				18EC47131DC62BCA00981D92 /* Resources */,
			);
			buildRules = (
			);
			dependencies = (
				18EC47171DC62BCA00981D92 /* PBXTargetDependency */,
			);
			name = RxSwiftExampleTests;
			productName = RxSwiftExampleTests;
			productReference = 18EC47151DC62BCA00981D92 /* RxSwiftExampleTests.xctest */;
			productType = "com.apple.product-type.bundle.unit-test";
		};
/* End PBXNativeTarget section */

/* Begin PBXProject section */
		18EC46F91DC62BC900981D92 /* Project object */ = {
			isa = PBXProject;
			attributes = {
				LastSwiftUpdateCheck = 0800;
				LastUpgradeCheck = 0800;
				ORGANIZATIONNAME = daferpi;
				TargetAttributes = {
					18EC47001DC62BC900981D92 = {
						CreatedOnToolsVersion = 8.0;
						DevelopmentTeam = YBZ3D4MK87;
						ProvisioningStyle = Automatic;
					};
					18EC47141DC62BCA00981D92 = {
						CreatedOnToolsVersion = 8.0;
						DevelopmentTeam = YBZ3D4MK87;
						ProvisioningStyle = Automatic;
						TestTargetID = 18EC47001DC62BC900981D92;
					};
				};
			};
			buildConfigurationList = 18EC46FC1DC62BC900981D92 /* Build configuration list for PBXProject "RxSwiftExample" */;
			compatibilityVersion = "Xcode 3.2";
			developmentRegion = English;
			hasScannedForEncodings = 0;
			knownRegions = (
				en,
				Base,
			);
			mainGroup = 18EC46F81DC62BC900981D92;
			productRefGroup = 18EC47021DC62BC900981D92 /* Products */;
			projectDirPath = "";
			projectRoot = "";
			targets = (
				18EC47001DC62BC900981D92 /* RxSwiftExample */,
				18EC47141DC62BCA00981D92 /* RxSwiftExampleTests */,
			);
		};
/* End PBXProject section */

/* Begin PBXResourcesBuildPhase section */
		18EC46FF1DC62BC900981D92 /* Resources */ = {
			isa = PBXResourcesBuildPhase;
			buildActionMask = 2147483647;
			files = (
				18EC470F1DC62BCA00981D92 /* LaunchScreen.storyboard in Resources */,
				18EC470C1DC62BCA00981D92 /* Assets.xcassets in Resources */,
				18EC470A1DC62BC900981D92 /* Main.storyboard in Resources */,
			);
			runOnlyForDeploymentPostprocessing = 0;
		};
		18EC47131DC62BCA00981D92 /* Resources */ = {
			isa = PBXResourcesBuildPhase;
			buildActionMask = 2147483647;
			files = (
			);
			runOnlyForDeploymentPostprocessing = 0;
		};
/* End PBXResourcesBuildPhase section */

/* Begin PBXSourcesBuildPhase section */
		18EC46FD1DC62BC900981D92 /* Sources */ = {
			isa = PBXSourcesBuildPhase;
			buildActionMask = 2147483647;
			files = (
				18EC47071DC62BC900981D92 /* ViewController.swift in Sources */,
				18EC47051DC62BC900981D92 /* AppDelegate.swift in Sources */,
			);
			runOnlyForDeploymentPostprocessing = 0;
		};
		18EC47111DC62BCA00981D92 /* Sources */ = {
			isa = PBXSourcesBuildPhase;
			buildActionMask = 2147483647;
			files = (
				18EC471A1DC62BCA00981D92 /* RxSwiftExampleTests.swift in Sources */,
			);
			runOnlyForDeploymentPostprocessing = 0;
		};
/* End PBXSourcesBuildPhase section */

/* Begin PBXTargetDependency section */
		18EC47171DC62BCA00981D92 /* PBXTargetDependency */ = {
			isa = PBXTargetDependency;
			target = 18EC47001DC62BC900981D92 /* RxSwiftExample */;
			targetProxy = 18EC47161DC62BCA00981D92 /* PBXContainerItemProxy */;
		};
/* End PBXTargetDependency section */

/* Begin PBXVariantGroup section */
		18EC47081DC62BC900981D92 /* Main.storyboard */ = {
			isa = PBXVariantGroup;
			children = (
				18EC47091DC62BC900981D92 /* Base */,
			);
			name = Main.storyboard;
			sourceTree = "<group>";
		};
		18EC470D1DC62BCA00981D92 /* LaunchScreen.storyboard */ = {
			isa = PBXVariantGroup;
			children = (
				18EC470E1DC62BCA00981D92 /* Base */,
			);
			name = LaunchScreen.storyboard;
			sourceTree = "<group>";
		};
/* End PBXVariantGroup section */

/* Begin XCBuildConfiguration section */
		18EC471C1DC62BCA00981D92 /* Debug */ = {
			isa = XCBuildConfiguration;
			buildSettings = {
				ALWAYS_SEARCH_USER_PATHS = NO;
				CLANG_ANALYZER_NONNULL = YES;
				CLANG_CXX_LANGUAGE_STANDARD = "gnu++0x";
				CLANG_CXX_LIBRARY = "libc++";
				CLANG_ENABLE_MODULES = YES;
				CLANG_ENABLE_OBJC_ARC = YES;
				CLANG_WARN_BOOL_CONVERSION = YES;
				CLANG_WARN_CONSTANT_CONVERSION = YES;
				CLANG_WARN_DIRECT_OBJC_ISA_USAGE = YES_ERROR;
				CLANG_WARN_DOCUMENTATION_COMMENTS = YES;
				CLANG_WARN_EMPTY_BODY = YES;
				CLANG_WARN_ENUM_CONVERSION = YES;
				CLANG_WARN_INFINITE_RECURSION = YES;
				CLANG_WARN_INT_CONVERSION = YES;
				CLANG_WARN_OBJC_ROOT_CLASS = YES_ERROR;
				CLANG_WARN_SUSPICIOUS_MOVES = YES;
				CLANG_WARN_UNREACHABLE_CODE = YES;
				CLANG_WARN__DUPLICATE_METHOD_MATCH = YES;
				"CODE_SIGN_IDENTITY[sdk=iphoneos*]" = "iPhone Developer";
				COPY_PHASE_STRIP = NO;
				DEBUG_INFORMATION_FORMAT = dwarf;
				ENABLE_STRICT_OBJC_MSGSEND = YES;
				ENABLE_TESTABILITY = YES;
				GCC_C_LANGUAGE_STANDARD = gnu99;
				GCC_DYNAMIC_NO_PIC = NO;
				GCC_NO_COMMON_BLOCKS = YES;
				GCC_OPTIMIZATION_LEVEL = 0;
				GCC_PREPROCESSOR_DEFINITIONS = (
					"DEBUG=1",
					"$(inherited)",
				);
				GCC_WARN_64_TO_32_BIT_CONVERSION = YES;
				GCC_WARN_ABOUT_RETURN_TYPE = YES_ERROR;
				GCC_WARN_UNDECLARED_SELECTOR = YES;
				GCC_WARN_UNINITIALIZED_AUTOS = YES_AGGRESSIVE;
				GCC_WARN_UNUSED_FUNCTION = YES;
				GCC_WARN_UNUSED_VARIABLE = YES;
				IPHONEOS_DEPLOYMENT_TARGET = 10.0;
				MTL_ENABLE_DEBUG_INFO = YES;
				ONLY_ACTIVE_ARCH = YES;
				SDKROOT = iphoneos;
				SWIFT_ACTIVE_COMPILATION_CONDITIONS = DEBUG;
				SWIFT_OPTIMIZATION_LEVEL = "-Onone";
			};
			name = Debug;
		};
		18EC471D1DC62BCA00981D92 /* Release */ = {
			isa = XCBuildConfiguration;
			buildSettings = {
				ALWAYS_SEARCH_USER_PATHS = NO;
				CLANG_ANALYZER_NONNULL = YES;
				CLANG_CXX_LANGUAGE_STANDARD = "gnu++0x";
				CLANG_CXX_LIBRARY = "libc++";
				CLANG_ENABLE_MODULES = YES;
				CLANG_ENABLE_OBJC_ARC = YES;
				CLANG_WARN_BOOL_CONVERSION = YES;
				CLANG_WARN_CONSTANT_CONVERSION = YES;
				CLANG_WARN_DIRECT_OBJC_ISA_USAGE = YES_ERROR;
				CLANG_WARN_DOCUMENTATION_COMMENTS = YES;
				CLANG_WARN_EMPTY_BODY = YES;
				CLANG_WARN_ENUM_CONVERSION = YES;
				CLANG_WARN_INFINITE_RECURSION = YES;
				CLANG_WARN_INT_CONVERSION = YES;
				CLANG_WARN_OBJC_ROOT_CLASS = YES_ERROR;
				CLANG_WARN_SUSPICIOUS_MOVES = YES;
				CLANG_WARN_UNREACHABLE_CODE = YES;
				CLANG_WARN__DUPLICATE_METHOD_MATCH = YES;
				"CODE_SIGN_IDENTITY[sdk=iphoneos*]" = "iPhone Developer";
				COPY_PHASE_STRIP = NO;
				DEBUG_INFORMATION_FORMAT = "dwarf-with-dsym";
				ENABLE_NS_ASSERTIONS = NO;
				ENABLE_STRICT_OBJC_MSGSEND = YES;
				GCC_C_LANGUAGE_STANDARD = gnu99;
				GCC_NO_COMMON_BLOCKS = YES;
				GCC_WARN_64_TO_32_BIT_CONVERSION = YES;
				GCC_WARN_ABOUT_RETURN_TYPE = YES_ERROR;
				GCC_WARN_UNDECLARED_SELECTOR = YES;
				GCC_WARN_UNINITIALIZED_AUTOS = YES_AGGRESSIVE;
				GCC_WARN_UNUSED_FUNCTION = YES;
				GCC_WARN_UNUSED_VARIABLE = YES;
				IPHONEOS_DEPLOYMENT_TARGET = 10.0;
				MTL_ENABLE_DEBUG_INFO = NO;
				SDKROOT = iphoneos;
				SWIFT_OPTIMIZATION_LEVEL = "-Owholemodule";
				VALIDATE_PRODUCT = YES;
			};
			name = Release;
		};
		18EC471F1DC62BCA00981D92 /* Debug */ = {
			isa = XCBuildConfiguration;
			buildSettings = {
				ASSETCATALOG_COMPILER_APPICON_NAME = AppIcon;
				DEVELOPMENT_TEAM = YBZ3D4MK87;
				INFOPLIST_FILE = RxSwiftExample/Info.plist;
				LD_RUNPATH_SEARCH_PATHS = "$(inherited) @executable_path/Frameworks";
				PRODUCT_BUNDLE_IDENTIFIER = com.daferpi.RxSwiftExample;
				PRODUCT_NAME = "$(TARGET_NAME)";
				SWIFT_VERSION = 3.0;
			};
			name = Debug;
		};
		18EC47201DC62BCA00981D92 /* Release */ = {
			isa = XCBuildConfiguration;
			buildSettings = {
				ASSETCATALOG_COMPILER_APPICON_NAME = AppIcon;
				DEVELOPMENT_TEAM = YBZ3D4MK87;
				INFOPLIST_FILE = RxSwiftExample/Info.plist;
				LD_RUNPATH_SEARCH_PATHS = "$(inherited) @executable_path/Frameworks";
				PRODUCT_BUNDLE_IDENTIFIER = com.daferpi.RxSwiftExample;
				PRODUCT_NAME = "$(TARGET_NAME)";
				SWIFT_VERSION = 3.0;
			};
			name = Release;
		};
		18EC47221DC62BCA00981D92 /* Debug */ = {
			isa = XCBuildConfiguration;
			buildSettings = {
				ALWAYS_EMBED_SWIFT_STANDARD_LIBRARIES = YES;
				BUNDLE_LOADER = "$(TEST_HOST)";
				DEVELOPMENT_TEAM = YBZ3D4MK87;
				INFOPLIST_FILE = RxSwiftExampleTests/Info.plist;
				LD_RUNPATH_SEARCH_PATHS = "$(inherited) @executable_path/Frameworks @loader_path/Frameworks";
				PRODUCT_BUNDLE_IDENTIFIER = com.daferpi.RxSwiftExampleTests;
				PRODUCT_NAME = "$(TARGET_NAME)";
				SWIFT_VERSION = 3.0;
				TEST_HOST = "$(BUILT_PRODUCTS_DIR)/RxSwiftExample.app/RxSwiftExample";
			};
			name = Debug;
		};
		18EC47231DC62BCA00981D92 /* Release */ = {
			isa = XCBuildConfiguration;
			buildSettings = {
				ALWAYS_EMBED_SWIFT_STANDARD_LIBRARIES = YES;
				BUNDLE_LOADER = "$(TEST_HOST)";
				DEVELOPMENT_TEAM = YBZ3D4MK87;
				INFOPLIST_FILE = RxSwiftExampleTests/Info.plist;
				LD_RUNPATH_SEARCH_PATHS = "$(inherited) @executable_path/Frameworks @loader_path/Frameworks";
				PRODUCT_BUNDLE_IDENTIFIER = com.daferpi.RxSwiftExampleTests;
				PRODUCT_NAME = "$(TARGET_NAME)";
				SWIFT_VERSION = 3.0;
				TEST_HOST = "$(BUILT_PRODUCTS_DIR)/RxSwiftExample.app/RxSwiftExample";
			};
			name = Release;
		};
/* End XCBuildConfiguration section */

/* Begin XCConfigurationList section */
		18EC46FC1DC62BC900981D92 /* Build configuration list for PBXProject "RxSwiftExample" */ = {
			isa = XCConfigurationList;
			buildConfigurations = (
				18EC471C1DC62BCA00981D92 /* Debug */,
				18EC471D1DC62BCA00981D92 /* Release */,
			);
			defaultConfigurationIsVisible = 0;
			defaultConfigurationName = Release;
		};
		18EC471E1DC62BCA00981D92 /* Build configuration list for PBXNativeTarget "RxSwiftExample" */ = {
			isa = XCConfigurationList;
			buildConfigurations = (
				18EC471F1DC62BCA00981D92 /* Debug */,
				18EC47201DC62BCA00981D92 /* Release */,
			);
			defaultConfigurationIsVisible = 0;
		};
		18EC47211DC62BCA00981D92 /* Build configuration list for PBXNativeTarget "RxSwiftExampleTests" */ = {
			isa = XCConfigurationList;
			buildConfigurations = (
				18EC47221DC62BCA00981D92 /* Debug */,
				18EC47231DC62BCA00981D92 /* Release */,
			);
			defaultConfigurationIsVisible = 0;
		};
/* End XCConfigurationList section */
	};
	rootObject = 18EC46F91DC62BC900981D92 /* Project object */;
}
